// !$*UTF8*$!
{
	archiveVersion = 1;
	classes = {
	};
	objectVersion = 77;
	objects = {

/* Begin PBXContainerItemProxy section */
		EF668F5F305518BF00D72700 /* PBXContainerItemProxy */ = {
			isa = PBXContainerItemProxy;
			containerPortal = EF668F49305518BB00D72700 /* Project object */;
			proxyType = 1;
			remoteGlobalIDString = EF668F50305518BB00D72700;
			remoteInfo = FeedList_Scrolling;
		};
		EF668F69305518BF00D72700 /* PBXContainerItemProxy */ = {
			isa = PBXContainerItemProxy;
			containerPortal = EF668F49305518BB00D72700 /* Project object */;
			proxyType = 1;
			remoteGlobalIDString = EF668F50305518BB00D72700;
			remoteInfo = FeedList_Scrolling;
		};
/* End PBXContainerItemProxy section */

/* Begin PBXFileReference section */
		EF668F51305518BB00D72700 /* MVVM+Login+Feed List+Scroll.app */ = {isa = PBXFileReference; explicitFileType = wrapper.application; includeInIndex = 0; path = "MVVM+Login+Feed List+Scroll.app"; sourceTree = BUILT_PRODUCTS_DIR; };
		EF668F5E305518BF00D72700 /* MVVM+Login+Feed List+ScrollTests.xctest */ = {isa = PBXFileReference; explicitFileType = wrapper.cfbundle; includeInIndex = 0; path = "MVVM+Login+Feed List+ScrollTests.xctest"; sourceTree = BUILT_PRODUCTS_DIR; };
		EF668F68305518BF00D72700 /* MVVM+Login+Feed List+ScrollUITests.xctest */ = {isa = PBXFileReference; explicitFileType = wrapper.cfbundle; includeInIndex = 0; path = "MVVM+Login+Feed List+ScrollUITests.xctest"; sourceTree = BUILT_PRODUCTS_DIR; };
/* End PBXFileReference section */

/* Begin PBXFileSystemSynchronizedRootGroup section */
		EF668F53305518BB00D72700 /* FeedList_Scrolling */ = {
			isa = PBXFileSystemSynchronizedRootGroup;
			path = FeedList_Scrolling;
			sourceTree = "<group>";
		};
		EF668F61305518BF00D72700 /* FeedList_ScrollingTests */ = {
			isa = PBXFileSystemSynchronizedRootGroup;
			path = FeedList_ScrollingTests;
			sourceTree = "<group>";
		};
		EF668F6B305518BF00D72700 /* FeedList_ScrollingUITests */ = {
			isa = PBXFileSystemSynchronizedRootGroup;
			path = FeedList_ScrollingUITests;
			sourceTree = "<group>";
		};
/* End PBXFileSystemSynchronizedRootGroup section */

/* Begin PBXFrameworksBuildPhase section */
		EF668F4E305518BB00D72700 /* Frameworks */ = {
			isa = PBXFrameworksBuildPhase;
			buildActionMask = 2147483647;
			files = (
			);
			runOnlyForDeploymentPostprocessing = 0;
		};
		EF668F5B305518BF00D72700 /* Frameworks */ = {
			isa = PBXFrameworksBuildPhase;
			buildActionMask = 2147483647;
			files = (
			);
			runOnlyForDeploymentPostprocessing = 0;
		};
		EF668F65305518BF00D72700 /* Frameworks */ = {
			isa = PBXFrameworksBuildPhase;
			buildActionMask = 2147483647;
			files = (
			);
			runOnlyForDeploymentPostprocessing = 0;
		};
/* End PBXFrameworksBuildPhase section */

/* Begin PBXGroup section */
		EF668F48305518BB00D72700 = {
			isa = PBXGroup;
			children = (
				EF668F53305518BB00D72700 /* FeedList_Scrolling */,
				EF668F61305518BF00D72700 /* FeedList_ScrollingTests */,
				EF668F6B305518BF00D72700 /* FeedList_ScrollingUITests */,
				EF668F52305518BB00D72700 /* Products */,
			);
			sourceTree = "<group>";
		};
		EF668F52305518BB00D72700 /* Products */ = {
			isa = PBXGroup;
			children = (
				EF668F51305518BB00D72700 /* MVVM+Login+Feed List+Scroll.app */,
				EF668F5E305518BF00D72700 /* MVVM+Login+Feed List+ScrollTests.xctest */,
				EF668F68305518BF00D72700 /* MVVM+Login+Feed List+ScrollUITests.xctest */,
			);
			name = Products;
			sourceTree = "<group>";
		};
/* End PBXGroup section */

/* Begin PBXNativeTarget section */
		EF668F50305518BB00D72700 /* MVVM+Login+Feed List+Scroll */ = {
			isa = PBXNativeTarget;
			buildConfigurationList = EF668F72305518BF00D72700 /* Build configuration list for PBXNativeTarget "MVVM+Login+Feed List+Scroll" */;
			buildPhases = (
				EF668F4D305518BB00D72700 /* Sources */,
				EF668F4E305518BB00D72700 /* Frameworks */,
				EF668F4F305518BB00D72700 /* Resources */,
			);
			buildRules = (
			);
			dependencies = (
			);
			fileSystemSynchronizedGroups = (
				EF668F53305518BB00D72700 /* FeedList_Scrolling */,
			);
			name = "MVVM+Login+Feed List+Scroll";
			packageProductDependencies = (
			);
			productName = FeedList_Scrolling;
			productReference = EF668F51305518BB00D72700 /* MVVM+Login+Feed List+Scroll.app */;
			productType = "com.apple.product-type.application";
		};
		EF668F5D305518BF00D72700 /* MVVM+Login+Feed List+ScrollTests */ = {
			isa = PBXNativeTarget;
			buildConfigurationList = EF668F75305518BF00D72700 /* Build configuration list for PBXNativeTarget "MVVM+Login+Feed List+ScrollTests" */;
			buildPhases = (
				EF668F5A305518BF00D72700 /* Sources */,
				EF668F5B305518BF00D72700 /* Frameworks */,
				EF668F5C305518BF00D72700 /* Resources */,
			);
			buildRules = (
			);
			dependencies = (
				EF668F60305518BF00D72700 /* PBXTargetDependency */,
			);
			fileSystemSynchronizedGroups = (
				EF668F61305518BF00D72700 /* FeedList_ScrollingTests */,
			);
			name = "MVVM+Login+Feed List+ScrollTests";
			packageProductDependencies = (
			);
			productName = FeedList_ScrollingTests;
			productReference = EF668F5E305518BF00D72700 /* MVVM+Login+Feed List+ScrollTests.xctest */;
			productType = "com.apple.product-type.bundle.unit-test";
		};
		EF668F67305518BF00D72700 /* MVVM+Login+Feed List+ScrollUITests */ = {
			isa = PBXNativeTarget;
			buildConfigurationList = EF668F78305518BF00D72700 /* Build configuration list for PBXNativeTarget "MVVM+Login+Feed List+ScrollUITests" */;
			buildPhases = (
				EF668F64305518BF00D72700 /* Sources */,
				EF668F65305518BF00D72700 /* Frameworks */,
				EF668F66305518BF00D72700 /* Resources */,
			);
			buildRules = (
			);
			dependencies = (
				EF668F6A305518BF00D72700 /* PBXTargetDependency */,
			);
			fileSystemSynchronizedGroups = (
				EF668F6B305518BF00D72700 /* FeedList_ScrollingUITests */,
			);
			name = "MVVM+Login+Feed List+ScrollUITests";
			packageProductDependencies = (
			);
			productName = FeedList_ScrollingUITests;
			productReference = EF668F68305518BF00D72700 /* MVVM+Login+Feed List+ScrollUITests.xctest */;
			productType = "com.apple.product-type.bundle.ui-testing";
		};
/* End PBXNativeTarget section */

/* Begin PBXProject section */
		EF668F49305518BB00D72700 /* Project object */ = {
			isa = PBXProject;
			attributes = {
				BuildIndependentTargetsInParallel = 1;
				LastSwiftUpdateCheck = 2630;
				LastUpgradeCheck = 2630;
				TargetAttributes = {
					EF668F50305518BB00D72700 = {
						CreatedOnToolsVersion = 26.3;
					};
					EF668F5D305518BF00D72700 = {
						CreatedOnToolsVersion = 26.3;
						TestTargetID = EF668F50305518BB00D72700;
					};
					EF668F67305518BF00D72700 = {
						CreatedOnToolsVersion = 26.3;
						TestTargetID = EF668F50305518BB00D72700;
					};
				};
			};
			buildConfigurationList = EF668F4C305518BB00D72700 /* Build configuration list for PBXProject "MVVM+Login+Feed List+Scroll" */;
			developmentRegion = en;
			hasScannedForEncodings = 0;
			knownRegions = (
				en,
				Base,
			);
			mainGroup = EF668F48305518BB00D72700;
			minimizedProjectReferenceProxies = 1;
			preferredProjectObjectVersion = 77;
			productRefGroup = EF668F52305518BB00D72700 /* Products */;
			projectDirPath = "";
			projectRoot = "";
			targets = (
				EF668F50305518BB00D72700 /* MVVM+Login+Feed List+Scroll */,
				EF668F5D305518BF00D72700 /* MVVM+Login+Feed List+ScrollTests */,
				EF668F67305518BF00D72700 /* MVVM+Login+Feed List+ScrollUITests */,
			);
		};
/* End PBXProject section */

/* Begin PBXResourcesBuildPhase section */
		EF668F4F305518BB00D72700 /* Resources */ = {
			isa = PBXResourcesBuildPhase;
			buildActionMask = 2147483647;
			files = (
			);
			runOnlyForDeploymentPostprocessing = 0;
		};
		EF668F5C305518BF00D72700 /* Resources */ = {
			isa = PBXResourcesBuildPhase;
			buildActionMask = 2147483647;
			files = (
			);
			runOnlyForDeploymentPostprocessing = 0;
		};
		EF668F66305518BF00D72700 /* Resources */ = {
			isa = PBXResourcesBuildPhase;
			buildActionMask = 2147483647;
			files = (
			);
			runOnlyForDeploymentPostprocessing = 0;
		};
/* End PBXResourcesBuildPhase section */

/* Begin PBXSourcesBuildPhase section */
		EF668F4D305518BB00D72700 /* Sources */ = {
			isa = PBXSourcesBuildPhase;
			buildActionMask = 2147483647;
			files = (
			);
			runOnlyForDeploymentPostprocessing = 0;
		};
		EF668F5A305518BF00D72700 /* Sources */ = {
			isa = PBXSourcesBuildPhase;
			buildActionMask = 2147483647;
			files = (
			);
			runOnlyForDeploymentPostprocessing = 0;
		};
		EF668F64305518BF00D72700 /* Sources */ = {
			isa = PBXSourcesBuildPhase;
			buildActionMask = 2147483647;
			files = (
			);
			runOnlyForDeploymentPostprocessing = 0;
		};
/* End PBXSourcesBuildPhase section */

/* Begin PBXTargetDependency section */
		EF668F60305518BF00D72700 /* PBXTargetDependency */ = {
			isa = PBXTargetDependency;
			target = EF668F50305518BB00D72700 /* MVVM+Login+Feed List+Scroll */;
			targetProxy = EF668F5F305518BF00D72700 /* PBXContainerItemProxy */;
		};
		EF668F6A305518BF00D72700 /* PBXTargetDependency */ = {
			isa = PBXTargetDependency;
			target = EF668F50305518BB00D72700 /* MVVM+Login+Feed List+Scroll */;
			targetProxy = EF668F69305518BF00D72700 /* PBXContainerItemProxy */;
		};
/* End PBXTargetDependency section */

/* Begin XCBuildConfiguration section */
		EF668F70305518BF00D72700 /* Debug */ = {
			isa = XCBuildConfiguration;
			buildSettings = {
				ALWAYS_SEARCH_USER_PATHS = NO;
				ASSETCATALOG_COMPILER_GENERATE_SWIFT_ASSET_SYMBOL_EXTENSIONS = YES;
				CLANG_ANALYZER_NONNULL = YES;
				CLANG_ANALYZER_NUMBER_OBJECT_CONVERSION = YES_AGGRESSIVE;
				CLANG_CXX_LANGUAGE_STANDARD = "gnu++20";
				CLANG_ENABLE_MODULES = YES;
				CLANG_ENABLE_OBJC_ARC = YES;
				CLANG_ENABLE_OBJC_WEAK = YES;
				CLANG_WARN_BLOCK_CAPTURE_AUTORELEASING = YES;
				CLANG_WARN_BOOL_CONVERSION = YES;
				CLANG_WARN_COMMA = YES;
				CLANG_WARN_CONSTANT_CONVERSION = YES;
				CLANG_WARN_DEPRECATED_OBJC_IMPLEMENTATIONS = YES;
				CLANG_WARN_DIRECT_OBJC_ISA_USAGE = YES_ERROR;
				CLANG_WARN_DOCUMENTATION_COMMENTS = YES;
				CLANG_WARN_EMPTY_BODY = YES;
				CLANG_WARN_ENUM_CONVERSION = YES;
				CLANG_WARN_INFINITE_RECURSION = YES;
				CLANG_WARN_INT_CONVERSION = YES;
				CLANG_WARN_NON_LITERAL_NULL_CONVERSION = YES;
				CLANG_WARN_OBJC_IMPLICIT_RETAIN_SELF = YES;
				CLANG_WARN_OBJC_LITERAL_CONVERSION = YES;
				CLANG_WARN_OBJC_ROOT_CLASS = YES_ERROR;
				CLANG_WARN_QUOTED_INCLUDE_IN_FRAMEWORK_HEADER = YES;
				CLANG_WARN_RANGE_LOOP_ANALYSIS = YES;
				CLANG_WARN_STRICT_PROTOTYPES = YES;
				CLANG_WARN_SUSPICIOUS_MOVE = YES;
				CLANG_WARN_UNGUARDED_AVAILABILITY = YES_AGGRESSIVE;
				CLANG_WARN_UNREACHABLE_CODE = YES;
				CLANG_WARN__DUPLICATE_METHOD_MATCH = YES;
				COPY_PHASE_STRIP = NO;
				DEBUG_INFORMATION_FORMAT = dwarf;
				ENABLE_STRICT_OBJC_MSGSEND = YES;
				ENABLE_TESTABILITY = YES;
				ENABLE_USER_SCRIPT_SANDBOXING = YES;
				GCC_C_LANGUAGE_STANDARD = gnu17;
				GCC_DYNAMIC_NO_PIC = NO;
				GCC_NO_COMMON_BLOCKS = YES;
				GCC_OPTIMIZATION_LEVEL = 0;
				GCC_PREPROCESSOR_DEFINITIONS = (
					"DEBUG=1",
					"$(inherited)",
				);
				GCC_WARN_64_TO_32_BIT_CONVERSION = YES;
				GCC_WARN_ABOUT_RETURN_TYPE = YES_ERROR;
				GCC_WARN_UNDECLARED_SELECTOR = YES;
				GCC_WARN_UNINITIALIZED_AUTOS = YES_AGGRESSIVE;
				GCC_WARN_UNUSED_FUNCTION = YES;
				GCC_WARN_UNUSED_VARIABLE = YES;
				IPHONEOS_DEPLOYMENT_TARGET = 26.2;
				LOCALIZATION_PREFERS_STRING_CATALOGS = YES;
				MTL_ENABLE_DEBUG_INFO = INCLUDE_SOURCE;
				MTL_FAST_MATH = YES;
				ONLY_ACTIVE_ARCH = YES;
				SDKROOT = iphoneos;
				SWIFT_ACTIVE_COMPILATION_CONDITIONS = "DEBUG $(inherited)";
				SWIFT_OPTIMIZATION_LEVEL = "-Onone";
			};
			name = Debug;
		};
		EF668F71305518BF00D72700 /* Release */ = {
			isa = XCBuildConfiguration;
			buildSettings = {
				ALWAYS_SEARCH_USER_PATHS = NO;
				ASSETCATALOG_COMPILER_GENERATE_SWIFT_ASSET_SYMBOL_EXTENSIONS = YES;
				CLANG_ANALYZER_NONNULL = YES;
				CLANG_ANALYZER_NUMBER_OBJECT_CONVERSION = YES_AGGRESSIVE;
				CLANG_CXX_LANGUAGE_STANDARD = "gnu++20";
				CLANG_ENABLE_MODULES = YES;
				CLANG_ENABLE_OBJC_ARC = YES;
				CLANG_ENABLE_OBJC_WEAK = YES;
				CLANG_WARN_BLOCK_CAPTURE_AUTORELEASING = YES;
				CLANG_WARN_BOOL_CONVERSION = YES;
				CLANG_WARN_COMMA = YES;
				CLANG_WARN_CONSTANT_CONVERSION = YES;
				CLANG_WARN_DEPRECATED_OBJC_IMPLEMENTATIONS = YES;
				CLANG_WARN_DIRECT_OBJC_ISA_USAGE = YES_ERROR;
				CLANG_WARN_DOCUMENTATION_COMMENTS = YES;
				CLANG_WARN_EMPTY_BODY = YES;
				CLANG_WARN_ENUM_CONVERSION = YES;
				CLANG_WARN_INFINITE_RECURSION = YES;
				CLANG_WARN_INT_CONVERSION = YES;
				CLANG_WARN_NON_LITERAL_NULL_CONVERSION = YES;
				CLANG_WARN_OBJC_IMPLICIT_RETAIN_SELF = YES;
				CLANG_WARN_OBJC_LITERAL_CONVERSION = YES;
				CLANG_WARN_OBJC_ROOT_CLASS = YES_ERROR;
				CLANG_WARN_QUOTED_INCLUDE_IN_FRAMEWORK_HEADER = YES;
				CLANG_WARN_RANGE_LOOP_ANALYSIS = YES;
				CLANG_WARN_STRICT_PROTOTYPES = YES;
				CLANG_WARN_SUSPICIOUS_MOVE = YES;
				CLANG_WARN_UNGUARDED_AVAILABILITY = YES_AGGRESSIVE;
				CLANG_WARN_UNREACHABLE_CODE = YES;
				CLANG_WARN__DUPLICATE_METHOD_MATCH = YES;
				COPY_PHASE_STRIP = NO;
				DEBUG_INFORMATION_FORMAT = "dwarf-with-dsym";
				ENABLE_NS_ASSERTIONS = NO;
				ENABLE_STRICT_OBJC_MSGSEND = YES;
				ENABLE_USER_SCRIPT_SANDBOXING = YES;
				GCC_C_LANGUAGE_STANDARD = gnu17;
				GCC_NO_COMMON_BLOCKS = YES;
				GCC_WARN_64_TO_32_BIT_CONVERSION = YES;
				GCC_WARN_ABOUT_RETURN_TYPE = YES_ERROR;
				GCC_WARN_UNDECLARED_SELECTOR = YES;
				GCC_WARN_UNINITIALIZED_AUTOS = YES_AGGRESSIVE;
				GCC_WARN_UNUSED_FUNCTION = YES;
				GCC_WARN_UNUSED_VARIABLE = YES;
				IPHONEOS_DEPLOYMENT_TARGET = 26.2;
				LOCALIZATION_PREFERS_STRING_CATALOGS = YES;
				MTL_ENABLE_DEBUG_INFO = NO;
				MTL_FAST_MATH = YES;
				SDKROOT = iphoneos;
				SWIFT_COMPILATION_MODE = wholemodule;
				VALIDATE_PRODUCT = YES;
			};
			name = Release;
		};
		EF668F73305518BF00D72700 /* Debug */ = {
			isa = XCBuildConfiguration;
			buildSettings = {
				ASSETCATALOG_COMPILER_APPICON_NAME = AppIcon;
				ASSETCATALOG_COMPILER_GLOBAL_ACCENT_COLOR_NAME = AccentColor;
				CODE_SIGN_STYLE = Automatic;
				CURRENT_PROJECT_VERSION = 1;
				ENABLE_PREVIEWS = YES;
				GENERATE_INFOPLIST_FILE = YES;
				INFOPLIST_KEY_UIApplicationSceneManifest_Generation = YES;
				INFOPLIST_KEY_UIApplicationSupportsIndirectInputEvents = YES;
				INFOPLIST_KEY_UILaunchScreen_Generation = YES;
				INFOPLIST_KEY_UISupportedInterfaceOrientations_iPad = "UIInterfaceOrientationPortrait UIInterfaceOrientationPortraitUpsideDown UIInterfaceOrientationLandscapeLeft UIInterfaceOrientationLandscapeRight";
				INFOPLIST_KEY_UISupportedInterfaceOrientations_iPhone = "UIInterfaceOrientationPortrait UIInterfaceOrientationLandscapeLeft UIInterfaceOrientationLandscapeRight";
				LD_RUNPATH_SEARCH_PATHS = (
					"$(inherited)",
					"@executable_path/Frameworks",
				);
				MARKETING_VERSION = 1.0;
				PRODUCT_BUNDLE_IDENTIFIER = "com.chandan.FeedList-Scrolling";
				PRODUCT_NAME = "$(TARGET_NAME)";
				STRING_CATALOG_GENERATE_SYMBOLS = YES;
				SWIFT_APPROACHABLE_CONCURRENCY = YES;
				SWIFT_DEFAULT_ACTOR_ISOLATION = MainActor;
				SWIFT_EMIT_LOC_STRINGS = YES;
				SWIFT_UPCOMING_FEATURE_MEMBER_IMPORT_VISIBILITY = YES;
				SWIFT_VERSION = 5.0;
				TARGETED_DEVICE_FAMILY = "1,2";
			};
			name = Debug;
		};
		EF668F74305518BF00D72700 /* Release */ = {
			isa = XCBuildConfiguration;
			buildSettings = {
				ASSETCATALOG_COMPILER_APPICON_NAME = AppIcon;
				ASSETCATALOG_COMPILER_GLOBAL_ACCENT_COLOR_NAME = AccentColor;
				CODE_SIGN_STYLE = Automatic;
				CURRENT_PROJECT_VERSION = 1;
				ENABLE_PREVIEWS = YES;
				GENERATE_INFOPLIST_FILE = YES;
				INFOPLIST_KEY_UIApplicationSceneManifest_Generation = YES;
				INFOPLIST_KEY_UIApplicationSupportsIndirectInputEvents = YES;
				INFOPLIST_KEY_UILaunchScreen_Generation = YES;
				INFOPLIST_KEY_UISupportedInterfaceOrientations_iPad = "UIInterfaceOrientationPortrait UIInterfaceOrientationPortraitUpsideDown UIInterfaceOrientationLandscapeLeft UIInterfaceOrientationLandscapeRight";
				INFOPLIST_KEY_UISupportedInterfaceOrientations_iPhone = "UIInterfaceOrientationPortrait UIInterfaceOrientationLandscapeLeft UIInterfaceOrientationLandscapeRight";
				LD_RUNPATH_SEARCH_PATHS = (
					"$(inherited)",
					"@executable_path/Frameworks",
				);
				MARKETING_VERSION = 1.0;
				PRODUCT_BUNDLE_IDENTIFIER = "com.chandan.FeedList-Scrolling";
				PRODUCT_NAME = "$(TARGET_NAME)";
				STRING_CATALOG_GENERATE_SYMBOLS = YES;
				SWIFT_APPROACHABLE_CONCURRENCY = YES;
				SWIFT_DEFAULT_ACTOR_ISOLATION = MainActor;
				SWIFT_EMIT_LOC_STRINGS = YES;
				SWIFT_UPCOMING_FEATURE_MEMBER_IMPORT_VISIBILITY = YES;
				SWIFT_VERSION = 5.0;
				TARGETED_DEVICE_FAMILY = "1,2";
			};
			name = Release;
		};
		EF668F76305518BF00D72700 /* Debug */ = {
			isa = XCBuildConfiguration;
			buildSettings = {
				BUNDLE_LOADER = "$(TEST_HOST)";
				CODE_SIGN_STYLE = Automatic;
				CURRENT_PROJECT_VERSION = 1;
				GENERATE_INFOPLIST_FILE = YES;
				IPHONEOS_DEPLOYMENT_TARGET = 26.2;
				MARKETING_VERSION = 1.0;
				PRODUCT_BUNDLE_IDENTIFIER = "com.chandan.FeedList-ScrollingTests";
				PRODUCT_NAME = "$(TARGET_NAME)";
				STRING_CATALOG_GENERATE_SYMBOLS = NO;
				SWIFT_APPROACHABLE_CONCURRENCY = YES;
				SWIFT_EMIT_LOC_STRINGS = NO;
				SWIFT_UPCOMING_FEATURE_MEMBER_IMPORT_VISIBILITY = YES;
				SWIFT_VERSION = 5.0;
				TARGETED_DEVICE_FAMILY = "1,2";
				TEST_HOST = "$(BUILT_PRODUCTS_DIR)/MVVM+Login+Feed List+Scroll.app/$(BUNDLE_EXECUTABLE_FOLDER_PATH)/MVVM+Login+Feed List+Scroll";
			};
			name = Debug;
		};
		EF668F77305518BF00D72700 /* Release */ = {
			isa = XCBuildConfiguration;
			buildSettings = {
				BUNDLE_LOADER = "$(TEST_HOST)";
				CODE_SIGN_STYLE = Automatic;
				CURRENT_PROJECT_VERSION = 1;
				GENERATE_INFOPLIST_FILE = YES;
				IPHONEOS_DEPLOYMENT_TARGET = 26.2;
				MARKETING_VERSION = 1.0;
				PRODUCT_BUNDLE_IDENTIFIER = "com.chandan.FeedList-ScrollingTests";
				PRODUCT_NAME = "$(TARGET_NAME)";
				STRING_CATALOG_GENERATE_SYMBOLS = NO;
				SWIFT_APPROACHABLE_CONCURRENCY = YES;
				SWIFT_EMIT_LOC_STRINGS = NO;
				SWIFT_UPCOMING_FEATURE_MEMBER_IMPORT_VISIBILITY = YES;
				SWIFT_VERSION = 5.0;
				TARGETED_DEVICE_FAMILY = "1,2";
				TEST_HOST = "$(BUILT_PRODUCTS_DIR)/MVVM+Login+Feed List+Scroll.app/$(BUNDLE_EXECUTABLE_FOLDER_PATH)/MVVM+Login+Feed List+Scroll";
			};
			name = Release;
		};
		EF668F79305518BF00D72700 /* Debug */ = {
			isa = XCBuildConfiguration;
			buildSettings = {
				CODE_SIGN_STYLE = Automatic;
				CURRENT_PROJECT_VERSION = 1;
				GENERATE_INFOPLIST_FILE = YES;
				MARKETING_VERSION = 1.0;
				PRODUCT_BUNDLE_IDENTIFIER = "com.chandan.FeedList-ScrollingUITests";
				PRODUCT_NAME = "$(TARGET_NAME)";
				STRING_CATALOG_GENERATE_SYMBOLS = NO;
				SWIFT_APPROACHABLE_CONCURRENCY = YES;
				SWIFT_EMIT_LOC_STRINGS = NO;
				SWIFT_UPCOMING_FEATURE_MEMBER_IMPORT_VISIBILITY = YES;
				SWIFT_VERSION = 5.0;
				TARGETED_DEVICE_FAMILY = "1,2";
				TEST_TARGET_NAME = FeedList_Scrolling;
			};
			name = Debug;
		};
		EF668F7A305518BF00D72700 /* Release */ = {
			isa = XCBuildConfiguration;
			buildSettings = {
				CODE_SIGN_STYLE = Automatic;
				CURRENT_PROJECT_VERSION = 1;
				GENERATE_INFOPLIST_FILE = YES;
				MARKETING_VERSION = 1.0;
				PRODUCT_BUNDLE_IDENTIFIER = "com.chandan.FeedList-ScrollingUITests";
				PRODUCT_NAME = "$(TARGET_NAME)";
				STRING_CATALOG_GENERATE_SYMBOLS = NO;
				SWIFT_APPROACHABLE_CONCURRENCY = YES;
				SWIFT_EMIT_LOC_STRINGS = NO;
				SWIFT_UPCOMING_FEATURE_MEMBER_IMPORT_VISIBILITY = YES;
				SWIFT_VERSION = 5.0;
				TARGETED_DEVICE_FAMILY = "1,2";
				TEST_TARGET_NAME = FeedList_Scrolling;
			};
			name = Release;
		};
/* End XCBuildConfiguration section */

/* Begin XCConfigurationList section */
		EF668F4C305518BB00D72700 /* Build configuration list for PBXProject "MVVM+Login+Feed List+Scroll" */ = {
			isa = XCConfigurationList;
			buildConfigurations = (
				EF668F70305518BF00D72700 /* Debug */,
				EF668F71305518BF00D72700 /* Release */,
			);
			defaultConfigurationIsVisible = 0;
			defaultConfigurationName = Release;
		};
		EF668F72305518BF00D72700 /* Build configuration list for PBXNativeTarget "MVVM+Login+Feed List+Scroll" */ = {
			isa = XCConfigurationList;
			buildConfigurations = (
				EF668F73305518BF00D72700 /* Debug */,
				EF668F74305518BF00D72700 /* Release */,
			);
			defaultConfigurationIsVisible = 0;
			defaultConfigurationName = Release;
		};
		EF668F75305518BF00D72700 /* Build configuration list for PBXNativeTarget "MVVM+Login+Feed List+ScrollTests" */ = {
			isa = XCConfigurationList;
			buildConfigurations = (
				EF668F76305518BF00D72700 /* Debug */,
				EF668F77305518BF00D72700 /* Release */,
			);
			defaultConfigurationIsVisible = 0;
			defaultConfigurationName = Release;
		};
		EF668F78305518BF00D72700 /* Build configuration list for PBXNativeTarget "MVVM+Login+Feed List+ScrollUITests" */ = {
			isa = XCConfigurationList;
			buildConfigurations = (
				EF668F79305518BF00D72700 /* Debug */,
				EF668F7A305518BF00D72700 /* Release */,
			);
			defaultConfigurationIsVisible = 0;
			defaultConfigurationName = Release;
		};
/* End XCConfigurationList section */
	};
	rootObject = EF668F49305518BB00D72700 /* Project object */;
}
